
Microsoft Visual Studio Solution File, Format Version 12.00
# Visual Studio 15
VisualStudioVersion = 15.0.27703.2018
MinimumVisualStudioVersion = 10.0.40219.1
Project("{FAE04EC0-301F-11D3-BF4B-00C04F79EFBC}") = "Static_Calc", "Static_Calc.csproj", "{577D9C9D-C408-4FBD-B52B-30BB33F89208}"
EndProject
Global
	GlobalSection(SolutionConfigurationPlatforms) = preSolution
		Debug|Any CPU = Debug|Any CPU
		Release|Any CPU = Release|Any CPU
	EndGlobalSection
	GlobalSection(ProjectConfigurationPlatforms) = postSolution
		{577D9C9D-C408-4FBD-B52B-30BB33F89208}.Debug|Any CPU.ActiveCfg = Debug|Any CPU
		{577D9C9D-C408-4FBD-B52B-30BB33F89208}.Debug|Any CPU.Build.0 = Debug|Any CPU
		{577D9C9D-C408-4FBD-B52B-30BB33F89208}.Release|Any CPU.ActiveCfg = Release|Any CPU
		{577D9C9D-C408-4FBD-B52B-30BB33F89208}.Release|Any CPU.Build.0 = Release|Any CPU
	EndGlobalSection
	GlobalSection(SolutionProperties) = preSolution
		HideSolutionNode = FALSE
	EndGlobalSection
	GlobalSection(ExtensibilityGlobals) = postSolution
		SolutionGuid = {67F0CC42-17BE-44BC-879B-AD87534138CE}
	EndGlobalSection
EndGlobal
